// !$*UTF8*$!
{
	archiveVersion = 1;
	classes = {
	};
	objectVersion = 46;
	objects = {

/* Begin PBXBuildFile section */
		69D703701B70D70900FAD01C /* AppDelegate.swift in Sources */ = {isa = PBXBuildFile; fileRef = 69D7036F1B70D70900FAD01C /* AppDelegate.swift */; };
		69D703721B70D70900FAD01C /* ViewController.swift in Sources */ = {isa = PBXBuildFile; fileRef = 69D703711B70D70900FAD01C /* ViewController.swift */; };
		69D703751B70D70900FAD01C /* Main.storyboard in Resources */ = {isa = PBXBuildFile; fileRef = 69D703731B70D70900FAD01C /* Main.storyboard */; };
		69D703771B70D70900FAD01C /* Assets.xcassets in Resources */ = {isa = PBXBuildFile; fileRef = 69D703761B70D70900FAD01C /* Assets.xcassets */; };
		69D7037A1B70D70900FAD01C /* LaunchScreen.storyboard in Resources */ = {isa = PBXBuildFile; fileRef = 69D703781B70D70900FAD01C /* LaunchScreen.storyboard */; };
		69D703851B70D70900FAD01C /* ParalaxEffectTests.swift in Sources */ = {isa = PBXBuildFile; fileRef = 69D703841B70D70900FAD01C /* ParalaxEffectTests.swift */; };
		69D703901B70D70900FAD01C /* ParalaxEffectUITests.swift in Sources */ = {isa = PBXBuildFile; fileRef = 69D7038F1B70D70900FAD01C /* ParalaxEffectUITests.swift */; };
/* End PBXBuildFile section */

/* Begin PBXContainerItemProxy section */
		69D703811B70D70900FAD01C /* PBXContainerItemProxy */ = {
			isa = PBXContainerItemProxy;
			containerPortal = 69D703641B70D70900FAD01C /* Project object */;
			proxyType = 1;
			remoteGlobalIDString = 69D7036B1B70D70900FAD01C;
			remoteInfo = ParalaxEffect;
		};
		69D7038C1B70D70900FAD01C /* PBXContainerItemProxy */ = {
			isa = PBXContainerItemProxy;
			containerPortal = 69D703641B70D70900FAD01C /* Project object */;
			proxyType = 1;
			remoteGlobalIDString = 69D7036B1B70D70900FAD01C;
			remoteInfo = ParalaxEffect;
		};
/* End PBXContainerItemProxy section */

/* Begin PBXFileReference section */
		69D7036C1B70D70900FAD01C /* ParalaxEffect.app */ = {isa = PBXFileReference; explicitFileType = wrapper.application; includeInIndex = 0; path = ParalaxEffect.app; sourceTree = BUILT_PRODUCTS_DIR; };
		69D7036F1B70D70900FAD01C /* AppDelegate.swift */ = {isa = PBXFileReference; lastKnownFileType = sourcecode.swift; path = AppDelegate.swift; sourceTree = "<group>"; };
		69D703711B70D70900FAD01C /* ViewController.swift */ = {isa = PBXFileReference; lastKnownFileType = sourcecode.swift; path = ViewController.swift; sourceTree = "<group>"; };
		69D703741B70D70900FAD01C /* Base */ = {isa = PBXFileReference; lastKnownFileType = file.storyboard; name = Base; path = Base.lproj/Main.storyboard; sourceTree = "<group>"; };
		69D703761B70D70900FAD01C /* Assets.xcassets */ = {isa = PBXFileReference; lastKnownFileType = folder.assetcatalog; path = Assets.xcassets; sourceTree = "<group>"; };
		69D703791B70D70900FAD01C /* Base */ = {isa = PBXFileReference; lastKnownFileType = file.storyboard; name = Base; path = Base.lproj/LaunchScreen.storyboard; sourceTree = "<group>"; };
		69D7037B1B70D70900FAD01C /* Info.plist */ = {isa = PBXFileReference; lastKnownFileType = text.plist.xml; path = Info.plist; sourceTree = "<group>"; };
		69D703801B70D70900FAD01C /* ParalaxEffectTests.xctest */ = {isa = PBXFileReference; explicitFileType = wrapper.cfbundle; includeInIndex = 0; path = ParalaxEffectTests.xctest; sourceTree = BUILT_PRODUCTS_DIR; };
		69D703841B70D70900FAD01C /* ParalaxEffectTests.swift */ = {isa = PBXFileReference; lastKnownFileType = sourcecode.swift; path = ParalaxEffectTests.swift; sourceTree = "<group>"; };
		69D703861B70D70900FAD01C /* Info.plist */ = {isa = PBXFileReference; lastKnownFileType = text.plist.xml; path = Info.plist; sourceTree = "<group>"; };
		69D7038B1B70D70900FAD01C /* ParalaxEffectUITests.xctest */ = {isa = PBXFileReference; explicitFileType = wrapper.cfbundle; includeInIndex = 0; path = ParalaxEffectUITests.xctest; sourceTree = BUILT_PRODUCTS_DIR; };
		69D7038F1B70D70900FAD01C /* ParalaxEffectUITests.swift */ = {isa = PBXFileReference; lastKnownFileType = sourcecode.swift; path = ParalaxEffectUITests.swift; sourceTree = "<group>"; };
		69D703911B70D70900FAD01C /* Info.plist */ = {isa = PBXFileReference; lastKnownFileType = text.plist.xml; path = Info.plist; sourceTree = "<group>"; };
/* End PBXFileReference section */

/* Begin PBXFrameworksBuildPhase section */
		69D703691B70D70900FAD01C /* Frameworks */ = {
			isa = PBXFrameworksBuildPhase;
			buildActionMask = 2147483647;
			files = (
			);
			runOnlyForDeploymentPostprocessing = 0;
		};
		69D7037D1B70D70900FAD01C /* Frameworks */ = {
			isa = PBXFrameworksBuildPhase;
			buildActionMask = 2147483647;
			files = (
			);
			runOnlyForDeploymentPostprocessing = 0;
		};
		69D703881B70D70900FAD01C /* Frameworks */ = {
			isa = PBXFrameworksBuildPhase;
			buildActionMask = 2147483647;
			files = (
			);
			runOnlyForDeploymentPostprocessing = 0;
		};
/* End PBXFrameworksBuildPhase section */

/* Begin PBXGroup section */
		69D703631B70D70900FAD01C = {
			isa = PBXGroup;
			children = (
				69D7036E1B70D70900FAD01C /* ParalaxEffect */,
				69D703831B70D70900FAD01C /* ParalaxEffectTests */,
				69D7038E1B70D70900FAD01C /* ParalaxEffectUITests */,
				69D7036D1B70D70900FAD01C /* Products */,
			);
			sourceTree = "<group>";
		};
		69D7036D1B70D70900FAD01C /* Products */ = {
			isa = PBXGroup;
			children = (
				69D7036C1B70D70900FAD01C /* ParalaxEffect.app */,
				69D703801B70D70900FAD01C /* ParalaxEffectTests.xctest */,
				69D7038B1B70D70900FAD01C /* ParalaxEffectUITests.xctest */,
			);
			name = Products;
			sourceTree = "<group>";
		};
		69D7036E1B70D70900FAD01C /* ParalaxEffect */ = {
			isa = PBXGroup;
			children = (
				69D7036F1B70D70900FAD01C /* AppDelegate.swift */,
				69D703711B70D70900FAD01C /* ViewController.swift */,
				69D703731B70D70900FAD01C /* Main.storyboard */,
				69D703761B70D70900FAD01C /* Assets.xcassets */,
				69D703781B70D70900FAD01C /* LaunchScreen.storyboard */,
				69D7037B1B70D70900FAD01C /* Info.plist */,
			);
			path = ParalaxEffect;
			sourceTree = "<group>";
		};
		69D703831B70D70900FAD01C /* ParalaxEffectTests */ = {
			isa = PBXGroup;
			children = (
				69D703841B70D70900FAD01C /* ParalaxEffectTests.swift */,
				69D703861B70D70900FAD01C /* Info.plist */,
			);
			path = ParalaxEffectTests;
			sourceTree = "<group>";
		};
		69D7038E1B70D70900FAD01C /* ParalaxEffectUITests */ = {
			isa = PBXGroup;
			children = (
				69D7038F1B70D70900FAD01C /* ParalaxEffectUITests.swift */,
				69D703911B70D70900FAD01C /* Info.plist */,
			);
			path = ParalaxEffectUITests;
			sourceTree = "<group>";
		};
/* End PBXGroup section */

/* Begin PBXNativeTarget section */
		69D7036B1B70D70900FAD01C /* ParalaxEffect */ = {
			isa = PBXNativeTarget;
			buildConfigurationList = 69D703941B70D70900FAD01C /* Build configuration list for PBXNativeTarget "ParalaxEffect" */;
			buildPhases = (
				69D703681B70D70900FAD01C /* Sources */,
				69D703691B70D70900FAD01C /* Frameworks */,
				69D7036A1B70D70900FAD01C /* Resources */,
			);
			buildRules = (
			);
			dependencies = (
			);
			name = ParalaxEffect;
			productName = ParalaxEffect;
			productReference = 69D7036C1B70D70900FAD01C /* ParalaxEffect.app */;
			productType = "com.apple.product-type.application";
		};
		69D7037F1B70D70900FAD01C /* ParalaxEffectTests */ = {
			isa = PBXNativeTarget;
			buildConfigurationList = 69D703971B70D70900FAD01C /* Build configuration list for PBXNativeTarget "ParalaxEffectTests" */;
			buildPhases = (
				69D7037C1B70D70900FAD01C /* Sources */,
				69D7037D1B70D70900FAD01C /* Frameworks */,
				69D7037E1B70D70900FAD01C /* Resources */,
			);
			buildRules = (
			);
			dependencies = (
				69D703821B70D70900FAD01C /* PBXTargetDependency */,
			);
			name = ParalaxEffectTests;
			productName = ParalaxEffectTests;
			productReference = 69D703801B70D70900FAD01C /* ParalaxEffectTests.xctest */;
			productType = "com.apple.product-type.bundle.unit-test";
		};
		69D7038A1B70D70900FAD01C /* ParalaxEffectUITests */ = {
			isa = PBXNativeTarget;
			buildConfigurationList = 69D7039A1B70D70900FAD01C /* Build configuration list for PBXNativeTarget "ParalaxEffectUITests" */;
			buildPhases = (
				69D703871B70D70900FAD01C /* Sources */,
				69D703881B70D70900FAD01C /* Frameworks */,
				69D703891B70D70900FAD01C /* Resources */,
			);
			buildRules = (
			);
			dependencies = (
				69D7038D1B70D70900FAD01C /* PBXTargetDependency */,
			);
			name = ParalaxEffectUITests;
			productName = ParalaxEffectUITests;
			productReference = 69D7038B1B70D70900FAD01C /* ParalaxEffectUITests.xctest */;
			productType = "com.apple.product-type.bundle.ui-testing";
		};
/* End PBXNativeTarget section */

/* Begin PBXProject section */
		69D703641B70D70900FAD01C /* Project object */ = {
			isa = PBXProject;
			attributes = {
				LastUpgradeCheck = 0700;
				ORGANIZATIONNAME = Jay;
				TargetAttributes = {
					69D7036B1B70D70900FAD01C = {
						CreatedOnToolsVersion = 7.0;
					};
					69D7037F1B70D70900FAD01C = {
						CreatedOnToolsVersion = 7.0;
						TestTargetID = 69D7036B1B70D70900FAD01C;
					};
					69D7038A1B70D70900FAD01C = {
						CreatedOnToolsVersion = 7.0;
						TestTargetID = 69D7036B1B70D70900FAD01C;
					};
				};
			};
			buildConfigurationList = 69D703671B70D70900FAD01C /* Build configuration list for PBXProject "ParalaxEffect" */;
			compatibilityVersion = "Xcode 3.2";
			developmentRegion = English;
			hasScannedForEncodings = 0;
			knownRegions = (
				en,
				Base,
			);
			mainGroup = 69D703631B70D70900FAD01C;
			productRefGroup = 69D7036D1B70D70900FAD01C /* Products */;
			projectDirPath = "";
			projectRoot = "";
			targets = (
				69D7036B1B70D70900FAD01C /* ParalaxEffect */,
				69D7037F1B70D70900FAD01C /* ParalaxEffectTests */,
				69D7038A1B70D70900FAD01C /* ParalaxEffectUITests */,
			);
		};
/* End PBXProject section */

/* Begin PBXResourcesBuildPhase section */
		69D7036A1B70D70900FAD01C /* Resources */ = {
			isa = PBXResourcesBuildPhase;
			buildActionMask = 2147483647;
			files = (
				69D7037A1B70D70900FAD01C /* LaunchScreen.storyboard in Resources */,
				69D703771B70D70900FAD01C /* Assets.xcassets in Resources */,
				69D703751B70D70900FAD01C /* Main.storyboard in Resources */,
			);
			runOnlyForDeploymentPostprocessing = 0;
		};
		69D7037E1B70D70900FAD01C /* Resources */ = {
			isa = PBXResourcesBuildPhase;
			buildActionMask = 2147483647;
			files = (
			);
			runOnlyForDeploymentPostprocessing = 0;
		};
		69D703891B70D70900FAD01C /* Resources */ = {
			isa = PBXResourcesBuildPhase;
			buildActionMask = 2147483647;
			files = (
			);
			runOnlyForDeploymentPostprocessing = 0;
		};
/* End PBXResourcesBuildPhase section */

/* Begin PBXSourcesBuildPhase section */
		69D703681B70D70900FAD01C /* Sources */ = {
			isa = PBXSourcesBuildPhase;
			buildActionMask = 2147483647;
			files = (
				69D703721B70D70900FAD01C /* ViewController.swift in Sources */,
				69D703701B70D70900FAD01C /* AppDelegate.swift in Sources */,
			);
			runOnlyForDeploymentPostprocessing = 0;
		};
		69D7037C1B70D70900FAD01C /* Sources */ = {
			isa = PBXSourcesBuildPhase;
			buildActionMask = 2147483647;
			files = (
				69D703851B70D70900FAD01C /* ParalaxEffectTests.swift in Sources */,
			);
			runOnlyForDeploymentPostprocessing = 0;
		};
		69D703871B70D70900FAD01C /* Sources */ = {
			isa = PBXSourcesBuildPhase;
			buildActionMask = 2147483647;
			files = (
				69D703901B70D70900FAD01C /* ParalaxEffectUITests.swift in Sources */,
			);
			runOnlyForDeploymentPostprocessing = 0;
		};
/* End PBXSourcesBuildPhase section */

/* Begin PBXTargetDependency section */
		69D703821B70D70900FAD01C /* PBXTargetDependency */ = {
			isa = PBXTargetDependency;
			target = 69D7036B1B70D70900FAD01C /* ParalaxEffect */;
			targetProxy = 69D703811B70D70900FAD01C /* PBXContainerItemProxy */;
		};
		69D7038D1B70D70900FAD01C /* PBXTargetDependency */ = {
			isa = PBXTargetDependency;
			target = 69D7036B1B70D70900FAD01C /* ParalaxEffect */;
			targetProxy = 69D7038C1B70D70900FAD01C /* PBXContainerItemProxy */;
		};
/* End PBXTargetDependency section */

/* Begin PBXVariantGroup section */
		69D703731B70D70900FAD01C /* Main.storyboard */ = {
			isa = PBXVariantGroup;
			children = (
				69D703741B70D70900FAD01C /* Base */,
			);
			name = Main.storyboard;
			sourceTree = "<group>";
		};
		69D703781B70D70900FAD01C /* LaunchScreen.storyboard */ = {
			isa = PBXVariantGroup;
			children = (
				69D703791B70D70900FAD01C /* Base */,
			);
			name = LaunchScreen.storyboard;
			sourceTree = "<group>";
		};
/* End PBXVariantGroup section */

/* Begin XCBuildConfiguration section */
		69D703921B70D70900FAD01C /* Debug */ = {
			isa = XCBuildConfiguration;
			buildSettings = {
				ALWAYS_SEARCH_USER_PATHS = NO;
				CLANG_CXX_LANGUAGE_STANDARD = "gnu++0x";
				CLANG_CXX_LIBRARY = "libc++";
				CLANG_ENABLE_MODULES = YES;
				CLANG_ENABLE_OBJC_ARC = YES;
				CLANG_WARN_BOOL_CONVERSION = YES;
				CLANG_WARN_CONSTANT_CONVERSION = YES;
				CLANG_WARN_DIRECT_OBJC_ISA_USAGE = YES_ERROR;
				CLANG_WARN_EMPTY_BODY = YES;
				CLANG_WARN_ENUM_CONVERSION = YES;
				CLANG_WARN_INT_CONVERSION = YES;
				CLANG_WARN_OBJC_ROOT_CLASS = YES_ERROR;
				CLANG_WARN_UNREACHABLE_CODE = YES;
				CLANG_WARN__DUPLICATE_METHOD_MATCH = YES;
				"CODE_SIGN_IDENTITY[sdk=iphoneos*]" = "iPhone Developer";
				COPY_PHASE_STRIP = NO;
				DEBUG_INFORMATION_FORMAT = dwarf;
				ENABLE_STRICT_OBJC_MSGSEND = YES;
				ENABLE_TESTABILITY = YES;
				GCC_C_LANGUAGE_STANDARD = gnu99;
				GCC_DYNAMIC_NO_PIC = NO;
				GCC_NO_COMMON_BLOCKS = YES;
				GCC_OPTIMIZATION_LEVEL = 0;
				GCC_PREPROCESSOR_DEFINITIONS = (
					"DEBUG=1",
					"$(inherited)",
				);
				GCC_WARN_64_TO_32_BIT_CONVERSION = YES;
				GCC_WARN_ABOUT_RETURN_TYPE = YES_ERROR;
				GCC_WARN_UNDECLARED_SELECTOR = YES;
				GCC_WARN_UNINITIALIZED_AUTOS = YES_AGGRESSIVE;
				GCC_WARN_UNUSED_FUNCTION = YES;
				GCC_WARN_UNUSED_VARIABLE = YES;
				IPHONEOS_DEPLOYMENT_TARGET = 9.0;
				MTL_ENABLE_DEBUG_INFO = YES;
				ONLY_ACTIVE_ARCH = YES;
				SDKROOT = iphoneos;
				SWIFT_OPTIMIZATION_LEVEL = "-Onone";
			};
			name = Debug;
		};
		69D703931B70D70900FAD01C /* Release */ = {
			isa = XCBuildConfiguration;
			buildSettings = {
				ALWAYS_SEARCH_USER_PATHS = NO;
				CLANG_CXX_LANGUAGE_STANDARD = "gnu++0x";
				CLANG_CXX_LIBRARY = "libc++";
				CLANG_ENABLE_MODULES = YES;
				CLANG_ENABLE_OBJC_ARC = YES;
				CLANG_WARN_BOOL_CONVERSION = YES;
				CLANG_WARN_CONSTANT_CONVERSION = YES;
				CLANG_WARN_DIRECT_OBJC_ISA_USAGE = YES_ERROR;
				CLANG_WARN_EMPTY_BODY = YES;
				CLANG_WARN_ENUM_CONVERSION = YES;
				CLANG_WARN_INT_CONVERSION = YES;
				CLANG_WARN_OBJC_ROOT_CLASS = YES_ERROR;
				CLANG_WARN_UNREACHABLE_CODE = YES;
				CLANG_WARN__DUPLICATE_METHOD_MATCH = YES;
				"CODE_SIGN_IDENTITY[sdk=iphoneos*]" = "iPhone Developer";
				COPY_PHASE_STRIP = NO;
				DEBUG_INFORMATION_FORMAT = "dwarf-with-dsym";
				ENABLE_NS_ASSERTIONS = NO;
				ENABLE_STRICT_OBJC_MSGSEND = YES;
				GCC_C_LANGUAGE_STANDARD = gnu99;
				GCC_NO_COMMON_BLOCKS = YES;
				GCC_WARN_64_TO_32_BIT_CONVERSION = YES;
				GCC_WARN_ABOUT_RETURN_TYPE = YES_ERROR;
				GCC_WARN_UNDECLARED_SELECTOR = YES;
				GCC_WARN_UNINITIALIZED_AUTOS = YES_AGGRESSIVE;
				GCC_WARN_UNUSED_FUNCTION = YES;
				GCC_WARN_UNUSED_VARIABLE = YES;
				IPHONEOS_DEPLOYMENT_TARGET = 9.0;
				MTL_ENABLE_DEBUG_INFO = NO;
				SDKROOT = iphoneos;
				VALIDATE_PRODUCT = YES;
			};
			name = Release;
		};
		69D703951B70D70900FAD01C /* Debug */ = {
			isa = XCBuildConfiguration;
			buildSettings = {
				ASSETCATALOG_COMPILER_APPICON_NAME = AppIcon;
				INFOPLIST_FILE = ParalaxEffect/Info.plist;
				LD_RUNPATH_SEARCH_PATHS = "$(inherited) @executable_path/Frameworks";
				PRODUCT_BUNDLE_IDENTIFIER = com.dummy.ParalaxEffect;
				PRODUCT_NAME = "$(TARGET_NAME)";
			};
			name = Debug;
		};
		69D703961B70D70900FAD01C /* Release */ = {
			isa = XCBuildConfiguration;
			buildSettings = {
				ASSETCATALOG_COMPILER_APPICON_NAME = AppIcon;
				INFOPLIST_FILE = ParalaxEffect/Info.plist;
				LD_RUNPATH_SEARCH_PATHS = "$(inherited) @executable_path/Frameworks";
				PRODUCT_BUNDLE_IDENTIFIER = com.dummy.ParalaxEffect;
				PRODUCT_NAME = "$(TARGET_NAME)";
			};
			name = Release;
		};
		69D703981B70D70900FAD01C /* Debug */ = {
			isa = XCBuildConfiguration;
			buildSettings = {
				BUNDLE_LOADER = "$(TEST_HOST)";
				INFOPLIST_FILE = ParalaxEffectTests/Info.plist;
				LD_RUNPATH_SEARCH_PATHS = "$(inherited) @executable_path/Frameworks @loader_path/Frameworks";
				PRODUCT_BUNDLE_IDENTIFIER = com.dummy.ParalaxEffectTests;
				PRODUCT_NAME = "$(TARGET_NAME)";
				TEST_HOST = "$(BUILT_PRODUCTS_DIR)/ParalaxEffect.app/ParalaxEffect";
			};
			name = Debug;
		};
		69D703991B70D70900FAD01C /* Release */ = {
			isa = XCBuildConfiguration;
			buildSettings = {
				BUNDLE_LOADER = "$(TEST_HOST)";
				INFOPLIST_FILE = ParalaxEffectTests/Info.plist;
				LD_RUNPATH_SEARCH_PATHS = "$(inherited) @executable_path/Frameworks @loader_path/Frameworks";
				PRODUCT_BUNDLE_IDENTIFIER = com.dummy.ParalaxEffectTests;
				PRODUCT_NAME = "$(TARGET_NAME)";
				TEST_HOST = "$(BUILT_PRODUCTS_DIR)/ParalaxEffect.app/ParalaxEffect";
			};
			name = Release;
		};
		69D7039B1B70D70900FAD01C /* Debug */ = {
			isa = XCBuildConfiguration;
			buildSettings = {
				INFOPLIST_FILE = ParalaxEffectUITests/Info.plist;
				LD_RUNPATH_SEARCH_PATHS = "$(inherited) @executable_path/Frameworks @loader_path/Frameworks";
				PRODUCT_BUNDLE_IDENTIFIER = com.dummy.ParalaxEffectUITests;
				PRODUCT_NAME = "$(TARGET_NAME)";
				TEST_TARGET_NAME = ParalaxEffect;
				USES_XCTRUNNER = YES;
			};
			name = Debug;
		};
		69D7039C1B70D70900FAD01C /* Release */ = {
			isa = XCBuildConfiguration;
			buildSettings = {
				INFOPLIST_FILE = ParalaxEffectUITests/Info.plist;
				LD_RUNPATH_SEARCH_PATHS = "$(inherited) @executable_path/Frameworks @loader_path/Frameworks";
				PRODUCT_BUNDLE_IDENTIFIER = com.dummy.ParalaxEffectUITests;
				PRODUCT_NAME = "$(TARGET_NAME)";
				TEST_TARGET_NAME = ParalaxEffect;
				USES_XCTRUNNER = YES;
			};
			name = Release;
		};
/* End XCBuildConfiguration section */

/* Begin XCConfigurationList section */
		69D703671B70D70900FAD01C /* Build configuration list for PBXProject "ParalaxEffect" */ = {
			isa = XCConfigurationList;
			buildConfigurations = (
				69D703921B70D70900FAD01C /* Debug */,
				69D703931B70D70900FAD01C /* Release */,
			);
			defaultConfigurationIsVisible = 0;
			defaultConfigurationName = Release;
		};
		69D703941B70D70900FAD01C /* Build configuration list for PBXNativeTarget "ParalaxEffect" */ = {
			isa = XCConfigurationList;
			buildConfigurations = (
				69D703951B70D70900FAD01C /* Debug */,
				69D703961B70D70900FAD01C /* Release */,
			);
			defaultConfigurationIsVisible = 0;
		};
		69D703971B70D70900FAD01C /* Build configuration list for PBXNativeTarget "ParalaxEffectTests" */ = {
			isa = XCConfigurationList;
			buildConfigurations = (
				69D703981B70D70900FAD01C /* Debug */,
				69D703991B70D70900FAD01C /* Release */,
			);
			defaultConfigurationIsVisible = 0;
		};
		69D7039A1B70D70900FAD01C /* Build configuration list for PBXNativeTarget "ParalaxEffectUITests" */ = {
			isa = XCConfigurationList;
			buildConfigurations = (
				69D7039B1B70D70900FAD01C /* Debug */,
				69D7039C1B70D70900FAD01C /* Release */,
			);
			defaultConfigurationIsVisible = 0;
		};
/* End XCConfigurationList section */
	};
	rootObject = 69D703641B70D70900FAD01C /* Project object */;
}
